
Microsoft Visual Studio Solution File, Format Version 12.00
# Visual Studio Version 17
VisualStudioVersion = 17.9.34728.123
MinimumVisualStudioVersion = 10.0.40219.1
Project("{FAE04EC0-301F-11D3-BF4B-00C04F79EFBC}") = "Trab-PosFibonacci", "Trab-PosFibonacci\Trab-PosFibonacci.csproj", "{CB3C694D-738E-4462-983E-063AD3EF56D0}"
EndProject
Global
	GlobalSection(SolutionConfigurationPlatforms) = preSolution
		Debug|Any CPU = Debug|Any CPU
		Release|Any CPU = Release|Any CPU
	EndGlobalSection
	GlobalSection(ProjectConfigurationPlatforms) = postSolution
		{CB3C694D-738E-4462-983E-063AD3EF56D0}.Debug|Any CPU.ActiveCfg = Debug|Any CPU
		{CB3C694D-738E-4462-983E-063AD3EF56D0}.Debug|Any CPU.Build.0 = Debug|Any CPU
		{CB3C694D-738E-4462-983E-063AD3EF56D0}.Release|Any CPU.ActiveCfg = Release|Any CPU
		{CB3C694D-738E-4462-983E-063AD3EF56D0}.Release|Any CPU.Build.0 = Release|Any CPU
	EndGlobalSection
	GlobalSection(SolutionProperties) = preSolution
		HideSolutionNode = FALSE
	EndGlobalSection
	GlobalSection(ExtensibilityGlobals) = postSolution
		SolutionGuid = {2732C180-232B-407D-8BA6-948EC8DC0A47}
	EndGlobalSection
EndGlobal
